
Microsoft Visual Studio Solution File, Format Version 12.00
# Visual Studio 2013
VisualStudioVersion = 12.0.30501.0
MinimumVisualStudioVersion = 10.0.40219.1
Project("{FAE04EC0-301F-11D3-BF4B-00C04F79EFBC}") = "app", "app\app.csproj", "{8F564528-8993-431E-A749-868100D732CD}"
EndProject
Project("{FAE04EC0-301F-11D3-BF4B-00C04F79EFBC}") = "DBEntities", "TSLAEntities\DBEntities.csproj", "{8B0CF404-C8BB-4E03-BC17-C946799FBD3E}"
EndProject
Global
	GlobalSection(SolutionConfigurationPlatforms) = preSolution
		Debug|Any CPU = Debug|Any CPU
		Release|Any CPU = Release|Any CPU
	EndGlobalSection
	GlobalSection(ProjectConfigurationPlatforms) = postSolution
		{8F564528-8993-431E-A749-868100D732CD}.Debug|Any CPU.ActiveCfg = Debug|Any CPU
		{8F564528-8993-431E-A749-868100D732CD}.Debug|Any CPU.Build.0 = Debug|Any CPU
		{8F564528-8993-431E-A749-868100D732CD}.Release|Any CPU.ActiveCfg = Release|Any CPU
		{8F564528-8993-431E-A749-868100D732CD}.Release|Any CPU.Build.0 = Release|Any CPU
		{8B0CF404-C8BB-4E03-BC17-C946799FBD3E}.Debug|Any CPU.ActiveCfg = Debug|Any CPU
		{8B0CF404-C8BB-4E03-BC17-C946799FBD3E}.Debug|Any CPU.Build.0 = Debug|Any CPU
		{8B0CF404-C8BB-4E03-BC17-C946799FBD3E}.Release|Any CPU.ActiveCfg = Release|Any CPU
		{8B0CF404-C8BB-4E03-BC17-C946799FBD3E}.Release|Any CPU.Build.0 = Release|Any CPU
	EndGlobalSection
	GlobalSection(SolutionProperties) = preSolution
		HideSolutionNode = FALSE
	EndGlobalSection
EndGlobal
